
Microsoft Visual Studio Solution File, Format Version 12.00
# Visual Studio Version 16
VisualStudioVersion = 16.0.31313.381
MinimumVisualStudioVersion = 10.0.40219.1
Project("{9A19103F-16F7-4668-BE54-9A1E7A4F7556}") = "TicTacToeServer", "TicTacToeServer.csproj", "{8835AAF5-D79C-4608-A8A5-ED90DA6D46F5}"
EndProject
Global
	GlobalSection(SolutionConfigurationPlatforms) = preSolution
		Debug|Any CPU = Debug|Any CPU
		Release|Any CPU = Release|Any CPU
	EndGlobalSection
	GlobalSection(ProjectConfigurationPlatforms) = postSolution
		{8835AAF5-D79C-4608-A8A5-ED90DA6D46F5}.Debug|Any CPU.ActiveCfg = Debug|Any CPU
		{8835AAF5-D79C-4608-A8A5-ED90DA6D46F5}.Debug|Any CPU.Build.0 = Debug|Any CPU
		{8835AAF5-D79C-4608-A8A5-ED90DA6D46F5}.Release|Any CPU.ActiveCfg = Release|Any CPU
		{8835AAF5-D79C-4608-A8A5-ED90DA6D46F5}.Release|Any CPU.Build.0 = Release|Any CPU
	EndGlobalSection
	GlobalSection(SolutionProperties) = preSolution
		HideSolutionNode = FALSE
	EndGlobalSection
	GlobalSection(ExtensibilityGlobals) = postSolution
		SolutionGuid = {02A9764C-29FF-4B7E-9BBC-72760A937592}
	EndGlobalSection
EndGlobal
